
Microsoft Visual Studio Solution File, Format Version 12.00
# Visual Studio Version 16
VisualStudioVersion = 16.0.32126.315
MinimumVisualStudioVersion = 10.0.40219.1
Project("{FAE04EC0-301F-11D3-BF4B-00C04F79EFBC}") = "HelloPam.BO", "HelloPam.BO\HelloPam.BO.csproj", "{D1A66F70-9515-4B98-BC82-463BC1AD9A6F}"
EndProject
Project("{FAE04EC0-301F-11D3-BF4B-00C04F79EFBC}") = "HelloPam.DAL", "HelloPam.DAL\HelloPam.DAL.csproj", "{4CDBD11D-8A40-4FCA-BCBE-0F3612E5AFB0}"
EndProject
Project("{FAE04EC0-301F-11D3-BF4B-00C04F79EFBC}") = "HelloPam.BLL", "HelloPam.BLL\HelloPam.BLL.csproj", "{A7788055-3DF6-49FA-B873-11F2B9CC7311}"
EndProject
Project("{FAE04EC0-301F-11D3-BF4B-00C04F79EFBC}") = "HelloPam.WinForms", "HelloPam.WinForms\HelloPam.WinForms.csproj", "{2751B11F-705C-4A64-8425-0AACAE80A86F}"
EndProject
Project("{FAE04EC0-301F-11D3-BF4B-00C04F79EFBC}") = "HelloPam.WebApp", "HelloPam.WebApp\HelloPam.WebApp.csproj", "{57D38820-178C-4657-B1CD-8AD3AA4346C0}"
EndProject
Global
	GlobalSection(SolutionConfigurationPlatforms) = preSolution
		Debug|Any CPU = Debug|Any CPU
		Release|Any CPU = Release|Any CPU
	EndGlobalSection
	GlobalSection(ProjectConfigurationPlatforms) = postSolution
		{D1A66F70-9515-4B98-BC82-463BC1AD9A6F}.Debug|Any CPU.ActiveCfg = Debug|Any CPU
		{D1A66F70-9515-4B98-BC82-463BC1AD9A6F}.Debug|Any CPU.Build.0 = Debug|Any CPU
		{D1A66F70-9515-4B98-BC82-463BC1AD9A6F}.Release|Any CPU.ActiveCfg = Release|Any CPU
		{D1A66F70-9515-4B98-BC82-463BC1AD9A6F}.Release|Any CPU.Build.0 = Release|Any CPU
		{4CDBD11D-8A40-4FCA-BCBE-0F3612E5AFB0}.Debug|Any CPU.ActiveCfg = Debug|Any CPU
		{4CDBD11D-8A40-4FCA-BCBE-0F3612E5AFB0}.Debug|Any CPU.Build.0 = Debug|Any CPU
		{4CDBD11D-8A40-4FCA-BCBE-0F3612E5AFB0}.Release|Any CPU.ActiveCfg = Release|Any CPU
		{4CDBD11D-8A40-4FCA-BCBE-0F3612E5AFB0}.Release|Any CPU.Build.0 = Release|Any CPU
		{A7788055-3DF6-49FA-B873-11F2B9CC7311}.Debug|Any CPU.ActiveCfg = Debug|Any CPU
		{A7788055-3DF6-49FA-B873-11F2B9CC7311}.Debug|Any CPU.Build.0 = Debug|Any CPU
		{A7788055-3DF6-49FA-B873-11F2B9CC7311}.Release|Any CPU.ActiveCfg = Release|Any CPU
		{A7788055-3DF6-49FA-B873-11F2B9CC7311}.Release|Any CPU.Build.0 = Release|Any CPU
		{2751B11F-705C-4A64-8425-0AACAE80A86F}.Debug|Any CPU.ActiveCfg = Debug|Any CPU
		{2751B11F-705C-4A64-8425-0AACAE80A86F}.Debug|Any CPU.Build.0 = Debug|Any CPU
		{2751B11F-705C-4A64-8425-0AACAE80A86F}.Release|Any CPU.ActiveCfg = Release|Any CPU
		{2751B11F-705C-4A64-8425-0AACAE80A86F}.Release|Any CPU.Build.0 = Release|Any CPU
		{57D38820-178C-4657-B1CD-8AD3AA4346C0}.Debug|Any CPU.ActiveCfg = Debug|Any CPU
		{57D38820-178C-4657-B1CD-8AD3AA4346C0}.Debug|Any CPU.Build.0 = Debug|Any CPU
		{57D38820-178C-4657-B1CD-8AD3AA4346C0}.Release|Any CPU.ActiveCfg = Release|Any CPU
		{57D38820-178C-4657-B1CD-8AD3AA4346C0}.Release|Any CPU.Build.0 = Release|Any CPU
	EndGlobalSection
	GlobalSection(SolutionProperties) = preSolution
		HideSolutionNode = FALSE
	EndGlobalSection
	GlobalSection(ExtensibilityGlobals) = postSolution
		SolutionGuid = {A54CDEF4-912A-463E-9ED9-B43C4ADF20A2}
	EndGlobalSection
EndGlobal
